
Microsoft Visual Studio Solution File, Format Version 12.00
# Visual Studio Express 2012 for Web
Project("{FAE04EC0-301F-11D3-BF4B-00C04F79EFBC}") = "GettingStartedWithOData", "GettingStartedWithOData\GettingStartedWithOData.csproj", "{91E2EECF-6C09-42A3-BE52-E97FFD8A1D4D}"
EndProject
Project("{2150E333-8FDC-42A3-9474-1A3956D46DE8}") = ".nuget", ".nuget", "{B8722DBA-857C-427A-932C-DE6480D36FE4}"
	ProjectSection(SolutionItems) = preProject
		.nuget\NuGet.Config = .nuget\NuGet.Config
		.nuget\NuGet.exe = .nuget\NuGet.exe
		.nuget\NuGet.targets = .nuget\NuGet.targets
	EndProjectSection
EndProject
Global
	GlobalSection(SolutionConfigurationPlatforms) = preSolution
		Debug|Any CPU = Debug|Any CPU
		Release|Any CPU = Release|Any CPU
	EndGlobalSection
	GlobalSection(ProjectConfigurationPlatforms) = postSolution
		{91E2EECF-6C09-42A3-BE52-E97FFD8A1D4D}.Debug|Any CPU.ActiveCfg = Debug|Any CPU
		{91E2EECF-6C09-42A3-BE52-E97FFD8A1D4D}.Debug|Any CPU.Build.0 = Debug|Any CPU
		{91E2EECF-6C09-42A3-BE52-E97FFD8A1D4D}.Release|Any CPU.ActiveCfg = Release|Any CPU
		{91E2EECF-6C09-42A3-BE52-E97FFD8A1D4D}.Release|Any CPU.Build.0 = Release|Any CPU
	EndGlobalSection
	GlobalSection(SolutionProperties) = preSolution
		HideSolutionNode = FALSE
	EndGlobalSection
EndGlobal
